
Microsoft Visual Studio Solution File, Format Version 12.00
# Visual Studio Version 16
VisualStudioVersion = 16.0.31424.327
MinimumVisualStudioVersion = 10.0.40219.1
Project("{FAE04EC0-301F-11D3-BF4B-00C04F79EFBC}") = "vizsgafeladat2", "vizsgafeladat2\vizsgafeladat2.csproj", "{833F0471-6ECD-4F0D-A973-945E4338B755}"
EndProject
Global
	GlobalSection(SolutionConfigurationPlatforms) = preSolution
		Debug|Any CPU = Debug|Any CPU
		Release|Any CPU = Release|Any CPU
	EndGlobalSection
	GlobalSection(ProjectConfigurationPlatforms) = postSolution
		{833F0471-6ECD-4F0D-A973-945E4338B755}.Debug|Any CPU.ActiveCfg = Debug|Any CPU
		{833F0471-6ECD-4F0D-A973-945E4338B755}.Debug|Any CPU.Build.0 = Debug|Any CPU
		{833F0471-6ECD-4F0D-A973-945E4338B755}.Release|Any CPU.ActiveCfg = Release|Any CPU
		{833F0471-6ECD-4F0D-A973-945E4338B755}.Release|Any CPU.Build.0 = Release|Any CPU
	EndGlobalSection
	GlobalSection(SolutionProperties) = preSolution
		HideSolutionNode = FALSE
	EndGlobalSection
	GlobalSection(ExtensibilityGlobals) = postSolution
		SolutionGuid = {686613AB-7811-4C0F-8596-E9E7ACD36455}
	EndGlobalSection
EndGlobal
